
Microsoft Visual Studio Solution File, Format Version 12.00
# Visual Studio 15
Project("{FAE04EC0-301F-11D3-BF4B-00C04F79EFBC}") = "Assembly-CSharp-Editor", "Assembly-CSharp-Editor.csproj", "{EE6DB4AF-2ED6-302E-6122-F9106EC00E96}"
EndProject
Project("{FAE04EC0-301F-11D3-BF4B-00C04F79EFBC}") = "Assembly-CSharp", "Assembly-CSharp.csproj", "{CC816F58-9857-139D-4C1F-2EDE8DABBF8F}"
EndProject
Global
	GlobalSection(SolutionConfigurationPlatforms) = preSolution
		Debug|Any CPU = Debug|Any CPU
		Release|Any CPU = Release|Any CPU
	EndGlobalSection
	GlobalSection(ProjectConfigurationPlatforms) = postSolution
		{EE6DB4AF-2ED6-302E-6122-F9106EC00E96}.Debug|Any CPU.ActiveCfg = Debug|Any CPU
		{EE6DB4AF-2ED6-302E-6122-F9106EC00E96}.Debug|Any CPU.Build.0 = Debug|Any CPU
		{EE6DB4AF-2ED6-302E-6122-F9106EC00E96}.Release|Any CPU.ActiveCfg = Release|Any CPU
		{EE6DB4AF-2ED6-302E-6122-F9106EC00E96}.Release|Any CPU.Build.0 = Release|Any CPU
		{CC816F58-9857-139D-4C1F-2EDE8DABBF8F}.Debug|Any CPU.ActiveCfg = Debug|Any CPU
		{CC816F58-9857-139D-4C1F-2EDE8DABBF8F}.Debug|Any CPU.Build.0 = Debug|Any CPU
		{CC816F58-9857-139D-4C1F-2EDE8DABBF8F}.Release|Any CPU.ActiveCfg = Release|Any CPU
		{CC816F58-9857-139D-4C1F-2EDE8DABBF8F}.Release|Any CPU.Build.0 = Release|Any CPU
	EndGlobalSection
	GlobalSection(SolutionProperties) = preSolution
		HideSolutionNode = FALSE
	EndGlobalSection
EndGlobal
