
Microsoft Visual Studio Solution File, Format Version 12.00
# Visual Studio 15
Project("{FAE04EC0-301F-11D3-BF4B-00C04F79EFBC}") = "Assembly-CSharp", "Assembly-CSharp.csproj", "{4D340CC2-1D37-322B-71E5-ECB89E09C776}"
EndProject
Project("{FAE04EC0-301F-11D3-BF4B-00C04F79EFBC}") = "Assembly-CSharp-Editor", "Assembly-CSharp-Editor.csproj", "{10F9505B-F12E-0B6B-C28B-F50C5C2D75A9}"
EndProject
Global
	GlobalSection(SolutionConfigurationPlatforms) = preSolution
		Debug|Any CPU = Debug|Any CPU
		Release|Any CPU = Release|Any CPU
	EndGlobalSection
	GlobalSection(ProjectConfigurationPlatforms) = postSolution
		{4D340CC2-1D37-322B-71E5-ECB89E09C776}.Debug|Any CPU.ActiveCfg = Debug|Any CPU
		{4D340CC2-1D37-322B-71E5-ECB89E09C776}.Debug|Any CPU.Build.0 = Debug|Any CPU
		{4D340CC2-1D37-322B-71E5-ECB89E09C776}.Release|Any CPU.ActiveCfg = Release|Any CPU
		{4D340CC2-1D37-322B-71E5-ECB89E09C776}.Release|Any CPU.Build.0 = Release|Any CPU
		{10F9505B-F12E-0B6B-C28B-F50C5C2D75A9}.Debug|Any CPU.ActiveCfg = Debug|Any CPU
		{10F9505B-F12E-0B6B-C28B-F50C5C2D75A9}.Debug|Any CPU.Build.0 = Debug|Any CPU
		{10F9505B-F12E-0B6B-C28B-F50C5C2D75A9}.Release|Any CPU.ActiveCfg = Release|Any CPU
		{10F9505B-F12E-0B6B-C28B-F50C5C2D75A9}.Release|Any CPU.Build.0 = Release|Any CPU
	EndGlobalSection
	GlobalSection(SolutionProperties) = preSolution
		HideSolutionNode = FALSE
	EndGlobalSection
EndGlobal
